{
  "name": "@nano-sql/plugin-redis-index",
  "version": "2.0.0",
  "lockfileVersion": 1,
  "requires": true,
  "dependencies": {
    "@nano-sql/adapter-mysql": {
      "version": "2.0.1",
      "resolved": "https://registry.npmjs.org/@nano-sql/adapter-mysql/-/adapter-mysql-2.0.1.tgz",
      "integrity": "sha512-1v9fHMYhW2Y1UEYURvqopRWMQgnhYdkM3B7XuoI0Zdgpv7XGtrOgIMBBsCOOXUg8GlPvlgXGfhK7QO3rnoJ0zg==",
      "requires": {
        "@types/mysql": "^2.15.5",
        "mysql": "^2.16.0"
      }
    },
    "@nano-sql/core": {
      "version": "2.0.3",
      "resolved": "https://registry.npmjs.org/@nano-sql/core/-/core-2.0.3.tgz",
      "integrity": "sha512-3gfW3kyjGWtVupuc/K8DEFUynefXW6v2XDtDKl0nX5ZaRvUpRQi3FsOxV3npLFDclm8dENkj1xPPaIYq3RS+5w==",
      "dev": true,
      "requires": {
        "encoding-down": "^5.0.4",
        "levelup": "^2.0.2",
        "levenshtein-edit-distance": "^2.0.2",
        "lexicographic-integer-encoding": "^1.0.1",
        "really-small-events": "^1.1.0",
        "rocksdb": "^3.0.2"
      }
    },
    "@types/mysql": {
      "version": "2.15.5",
      "resolved": "https://registry.npmjs.org/@types/mysql/-/mysql-2.15.5.tgz",
      "integrity": "sha512-4QAISTUGZbcFh7bqdndo08xRdES5OTU+JODy8VCZbe1yiXyGjqw1H83G43XjQ3IbC10wn9xlGd44A5RXJwNh0Q==",
      "requires": {
        "@types/node": "*"
      }
    },
    "@types/node": {
      "version": "10.12.18",
      "resolved": "https://registry.npmjs.org/@types/node/-/node-10.12.18.tgz",
      "integrity": "sha512-fh+pAqt4xRzPfqA6eh3Z2y6fyZavRIumvjhaCL753+TVkGKGhpPeyrJG2JftD0T9q4GF00KjefsQ+PQNDdWQaQ=="
    },
    "abstract-leveldown": {
      "version": "5.0.0",
      "resolved": "https://registry.npmjs.org/abstract-leveldown/-/abstract-leveldown-5.0.0.tgz",
      "integrity": "sha512-5mU5P1gXtsMIXg65/rsYGsi93+MlogXZ9FA8JnwKurHQg64bfXwGYVdVdijNTVNOlAsuIiOwHdvFFD5JqCJQ7A==",
      "dev": true,
      "optional": true,
      "requires": {
        "xtend": "~4.0.0"
      }
    },
    "ansi-regex": {
      "version": "2.1.1",
      "resolved": "https://registry.npmjs.org/ansi-regex/-/ansi-regex-2.1.1.tgz",
      "integrity": "sha1-w7M6te42DYbg5ijwRorn7yfWVN8=",
      "dev": true
    },
    "aproba": {
      "version": "1.2.0",
      "resolved": "https://registry.npmjs.org/aproba/-/aproba-1.2.0.tgz",
      "integrity": "sha512-Y9J6ZjXtoYh8RnXVCMOU/ttDmk1aBjunq9vO0ta5x85WDQiQfUF9sIPBITdbiiIVcBo03Hi3jMxigBtsddlXRw==",
      "dev": true,
      "optional": true
    },
    "are-we-there-yet": {
      "version": "1.1.5",
      "resolved": "https://registry.npmjs.org/are-we-there-yet/-/are-we-there-yet-1.1.5.tgz",
      "integrity": "sha512-5hYdAkZlcG8tOLujVDTgCT+uPX0VnpAH28gWsLfzpXYm7wP6mp5Q/gYyR7YQ0cKVJcXJnl3j2kpBan13PtQf6w==",
      "dev": true,
      "optional": true,
      "requires": {
        "delegates": "^1.0.0",
        "readable-stream": "^2.0.6"
      }
    },
    "arrify": {
      "version": "1.0.1",
      "resolved": "https://registry.npmjs.org/arrify/-/arrify-1.0.1.tgz",
      "integrity": "sha1-iYUI2iIm84DfkEcoRWhJwVAaSw0=",
      "dev": true
    },
    "bignumber.js": {
      "version": "4.1.0",
      "resolved": "https://registry.npmjs.org/bignumber.js/-/bignumber.js-4.1.0.tgz",
      "integrity": "sha512-eJzYkFYy9L4JzXsbymsFn3p54D+llV27oTQ+ziJG7WFRheJcNZilgVXMG0LoZtlQSKBsJdWtLFqOD0u+U0jZKA=="
    },
    "bindings": {
      "version": "1.3.1",
      "resolved": "https://registry.npmjs.org/bindings/-/bindings-1.3.1.tgz",
      "integrity": "sha512-i47mqjF9UbjxJhxGf+pZ6kSxrnI3wBLlnGI2ArWJ4r0VrvDS7ZYXkprq/pLaBWYq4GM0r4zdHY+NNRqEMU7uew==",
      "dev": true,
      "optional": true
    },
    "bl": {
      "version": "1.2.2",
      "resolved": "https://registry.npmjs.org/bl/-/bl-1.2.2.tgz",
      "integrity": "sha512-e8tQYnZodmebYDWGH7KMRvtzKXaJHx3BbilrgZCfvyLUYdKpK1t5PSPmpkny/SgiTSCnjfLW7v5rlONXVFkQEA==",
      "dev": true,
      "optional": true,
      "requires": {
        "readable-stream": "^2.3.5",
        "safe-buffer": "^5.1.1"
      }
    },
    "buffer-alloc": {
      "version": "1.2.0",
      "resolved": "https://registry.npmjs.org/buffer-alloc/-/buffer-alloc-1.2.0.tgz",
      "integrity": "sha512-CFsHQgjtW1UChdXgbyJGtnm+O/uLQeZdtbDo8mfUgYXCHSM1wgrVxXm6bSyrUuErEb+4sYVGCzASBRot7zyrow==",
      "dev": true,
      "optional": true,
      "requires": {
        "buffer-alloc-unsafe": "^1.1.0",
        "buffer-fill": "^1.0.0"
      }
    },
    "buffer-alloc-unsafe": {
      "version": "1.1.0",
      "resolved": "https://registry.npmjs.org/buffer-alloc-unsafe/-/buffer-alloc-unsafe-1.1.0.tgz",
      "integrity": "sha512-TEM2iMIEQdJ2yjPJoSIsldnleVaAk1oW3DBVUykyOLsEsFmEc9kn+SFFPz+gl54KQNxlDnAwCXosOS9Okx2xAg==",
      "dev": true,
      "optional": true
    },
    "buffer-fill": {
      "version": "1.0.0",
      "resolved": "https://registry.npmjs.org/buffer-fill/-/buffer-fill-1.0.0.tgz",
      "integrity": "sha1-+PeLdniYiO858gXNY39o5wISKyw=",
      "dev": true,
      "optional": true
    },
    "buffer-from": {
      "version": "1.1.1",
      "resolved": "https://registry.npmjs.org/buffer-from/-/buffer-from-1.1.1.tgz",
      "integrity": "sha512-MQcXEUbCKtEo7bhqEs6560Hyd4XaovZlO/k9V3hjVUF/zwW7KBVdSK4gIt/bzwS9MbR5qob+F5jusZsb0YQK2A==",
      "dev": true
    },
    "chownr": {
      "version": "1.1.1",
      "resolved": "https://registry.npmjs.org/chownr/-/chownr-1.1.1.tgz",
      "integrity": "sha512-j38EvO5+LHX84jlo6h4UzmOwi0UgW61WRyPtJz4qaadK5eY3BTS5TY/S1Stc3Uk2lIM6TPevAlULiEJwie860g==",
      "dev": true,
      "optional": true
    },
    "code-point-at": {
      "version": "1.1.0",
      "resolved": "https://registry.npmjs.org/code-point-at/-/code-point-at-1.1.0.tgz",
      "integrity": "sha1-DQcLTQQ6W+ozovGkDi7bPZpMz3c=",
      "dev": true
    },
    "console-control-strings": {
      "version": "1.1.0",
      "resolved": "https://registry.npmjs.org/console-control-strings/-/console-control-strings-1.1.0.tgz",
      "integrity": "sha1-PXz0Rk22RG6mRL9LOVB/mFEAjo4=",
      "dev": true
    },
    "core-util-is": {
      "version": "1.0.2",
      "resolved": "https://registry.npmjs.org/core-util-is/-/core-util-is-1.0.2.tgz",
      "integrity": "sha1-tf1UIgqivFq1eqtxQMlAdUUDwac="
    },
    "decompress-response": {
      "version": "3.3.0",
      "resolved": "https://registry.npmjs.org/decompress-response/-/decompress-response-3.3.0.tgz",
      "integrity": "sha1-gKTdMjdIOEv6JICDYirt7Jgq3/M=",
      "dev": true,
      "optional": true,
      "requires": {
        "mimic-response": "^1.0.0"
      }
    },
    "deep-extend": {
      "version": "0.6.0",
      "resolved": "https://registry.npmjs.org/deep-extend/-/deep-extend-0.6.0.tgz",
      "integrity": "sha512-LOHxIOaPYdHlJRtCQfDIVZtfw/ufM8+rVj649RIHzcm/vGwQRXFt6OPqIFWsm2XEMrNIEtWR64sY1LEKD2vAOA==",
      "dev": true,
      "optional": true
    },
    "deferred-leveldown": {
      "version": "3.0.0",
      "resolved": "https://registry.npmjs.org/deferred-leveldown/-/deferred-leveldown-3.0.0.tgz",
      "integrity": "sha512-ajbXqRPMXRlcdyt0TuWqknOJkp1JgQjGB7xOl2V+ebol7/U11E9h3/nCZAtN1M7djmAJEIhypCUc1tIWxdQAuQ==",
      "dev": true,
      "optional": true,
      "requires": {
        "abstract-leveldown": "~4.0.0"
      },
      "dependencies": {
        "abstract-leveldown": {
          "version": "4.0.3",
          "resolved": "https://registry.npmjs.org/abstract-leveldown/-/abstract-leveldown-4.0.3.tgz",
          "integrity": "sha512-qsIHFQy0u17JqSY+3ZUT+ykqxYY17yOfvAsLkFkw8kSQqi05d1jyj0bCuSX6sjYlXuY9cKpgUt5EudQdP4aXyA==",
          "dev": true,
          "optional": true,
          "requires": {
            "xtend": "~4.0.0"
          }
        }
      }
    },
    "delegates": {
      "version": "1.0.0",
      "resolved": "https://registry.npmjs.org/delegates/-/delegates-1.0.0.tgz",
      "integrity": "sha1-hMbhWbgZBP3KWaDvRM2HDTElD5o=",
      "dev": true,
      "optional": true
    },
    "detect-libc": {
      "version": "1.0.3",
      "resolved": "https://registry.npmjs.org/detect-libc/-/detect-libc-1.0.3.tgz",
      "integrity": "sha1-+hN8S9aY7fVc1c0CrFWfkaTEups=",
      "dev": true,
      "optional": true
    },
    "diff": {
      "version": "3.5.0",
      "resolved": "https://registry.npmjs.org/diff/-/diff-3.5.0.tgz",
      "integrity": "sha512-A46qtFgd+g7pDZinpnwiRJtxbC1hpgf0uzP3iG89scHk0AUC7A1TGxf5OiiOUv/JMZR8GOt8hL900hV0bOy5xA==",
      "dev": true
    },
    "double-ended-queue": {
      "version": "2.1.0-0",
      "resolved": "https://registry.npmjs.org/double-ended-queue/-/double-ended-queue-2.1.0-0.tgz",
      "integrity": "sha1-ED01J/0xUo9AGIEwyEHv3XgmTlw="
    },
    "encoding-down": {
      "version": "5.0.4",
      "resolved": "https://registry.npmjs.org/encoding-down/-/encoding-down-5.0.4.tgz",
      "integrity": "sha512-8CIZLDcSKxgzT+zX8ZVfgNbu8Md2wq/iqa1Y7zyVR18QBEAc0Nmzuvj/N5ykSKpfGzjM8qxbaFntLPwnVoUhZw==",
      "dev": true,
      "optional": true,
      "requires": {
        "abstract-leveldown": "^5.0.0",
        "inherits": "^2.0.3",
        "level-codec": "^9.0.0",
        "level-errors": "^2.0.0",
        "xtend": "^4.0.1"
      }
    },
    "end-of-stream": {
      "version": "1.4.1",
      "resolved": "https://registry.npmjs.org/end-of-stream/-/end-of-stream-1.4.1.tgz",
      "integrity": "sha512-1MkrZNvWTKCaigbn+W15elq2BB/L22nqrSY5DKlo3X6+vclJm8Bb5djXJBmEX6fS3+zCh/F4VBK5Z2KxJt4s2Q==",
      "dev": true,
      "requires": {
        "once": "^1.4.0"
      }
    },
    "errno": {
      "version": "0.1.7",
      "resolved": "https://registry.npmjs.org/errno/-/errno-0.1.7.tgz",
      "integrity": "sha512-MfrRBDWzIWifgq6tJj60gkAwtLNb6sQPlcFrSOflcP1aFmmruKQ2wRnze/8V6kgyz7H3FF8Npzv78mZ7XLLflg==",
      "dev": true,
      "optional": true,
      "requires": {
        "prr": "~1.0.1"
      }
    },
    "expand-template": {
      "version": "2.0.3",
      "resolved": "https://registry.npmjs.org/expand-template/-/expand-template-2.0.3.tgz",
      "integrity": "sha512-XYfuKMvj4O35f/pOXLObndIRvyQ+/+6AhODh+OKWj9S9498pHHn/IMszH+gt0fBCRWMNfk1ZSp5x3AifmnI2vg==",
      "dev": true,
      "optional": true
    },
    "fast-future": {
      "version": "1.0.2",
      "resolved": "https://registry.npmjs.org/fast-future/-/fast-future-1.0.2.tgz",
      "integrity": "sha1-hDWpqqAteSSNF9cE52JZMB2ZKAo=",
      "dev": true,
      "optional": true
    },
    "fs-constants": {
      "version": "1.0.0",
      "resolved": "https://registry.npmjs.org/fs-constants/-/fs-constants-1.0.0.tgz",
      "integrity": "sha512-y6OAwoSIf7FyjMIv94u+b5rdheZEjzR63GTyZJm5qh4Bi+2YgwLCcI/fPFZkL5PSixOt6ZNKm+w+Hfp/Bciwow==",
      "dev": true,
      "optional": true
    },
    "gauge": {
      "version": "2.7.4",
      "resolved": "https://registry.npmjs.org/gauge/-/gauge-2.7.4.tgz",
      "integrity": "sha1-LANAXHU4w51+s3sxcCLjJfsBi/c=",
      "dev": true,
      "optional": true,
      "requires": {
        "aproba": "^1.0.3",
        "console-control-strings": "^1.0.0",
        "has-unicode": "^2.0.0",
        "object-assign": "^4.1.0",
        "signal-exit": "^3.0.0",
        "string-width": "^1.0.1",
        "strip-ansi": "^3.0.1",
        "wide-align": "^1.1.0"
      }
    },
    "github-from-package": {
      "version": "0.0.0",
      "resolved": "https://registry.npmjs.org/github-from-package/-/github-from-package-0.0.0.tgz",
      "integrity": "sha1-l/tdlr/eiXMxPyDoKI75oWf6ZM4=",
      "dev": true,
      "optional": true
    },
    "has-unicode": {
      "version": "2.0.1",
      "resolved": "https://registry.npmjs.org/has-unicode/-/has-unicode-2.0.1.tgz",
      "integrity": "sha1-4Ob+aijPUROIVeCG0Wkedx3iqLk=",
      "dev": true,
      "optional": true
    },
    "inherits": {
      "version": "2.0.3",
      "resolved": "https://registry.npmjs.org/inherits/-/inherits-2.0.3.tgz",
      "integrity": "sha1-Yzwsg+PaQqUC9SRmAiSA9CCCYd4="
    },
    "ini": {
      "version": "1.3.5",
      "resolved": "https://registry.npmjs.org/ini/-/ini-1.3.5.tgz",
      "integrity": "sha512-RZY5huIKCMRWDUqZlEi72f/lmXKMvuszcMBduliQ3nnWbx9X/ZBQO7DijMEYS9EhHBb2qacRUMtC7svLwe0lcw==",
      "dev": true,
      "optional": true
    },
    "is-fullwidth-code-point": {
      "version": "1.0.0",
      "resolved": "https://registry.npmjs.org/is-fullwidth-code-point/-/is-fullwidth-code-point-1.0.0.tgz",
      "integrity": "sha1-754xOG8DGn8NZDr4L95QxFfvAMs=",
      "dev": true,
      "requires": {
        "number-is-nan": "^1.0.0"
      }
    },
    "isarray": {
      "version": "1.0.0",
      "resolved": "https://registry.npmjs.org/isarray/-/isarray-1.0.0.tgz",
      "integrity": "sha1-u5NdSFgsuhaMBoNJV6VKPgcSTxE="
    },
    "level-codec": {
      "version": "9.0.0",
      "resolved": "https://registry.npmjs.org/level-codec/-/level-codec-9.0.0.tgz",
      "integrity": "sha512-OIpVvjCcZNP5SdhcNupnsI1zo5Y9Vpm+k/F1gfG5kXrtctlrwanisakweJtE0uA0OpLukRfOQae+Fg0M5Debhg==",
      "dev": true,
      "optional": true
    },
    "level-errors": {
      "version": "2.0.0",
      "resolved": "https://registry.npmjs.org/level-errors/-/level-errors-2.0.0.tgz",
      "integrity": "sha512-AmY4HCp9h3OiU19uG+3YWkdELgy05OTP/r23aNHaQKWv8DO787yZgsEuGVkoph40uwN+YdUKnANlrxSsoOaaxg==",
      "dev": true,
      "optional": true,
      "requires": {
        "errno": "~0.1.1"
      }
    },
    "level-iterator-stream": {
      "version": "2.0.3",
      "resolved": "https://registry.npmjs.org/level-iterator-stream/-/level-iterator-stream-2.0.3.tgz",
      "integrity": "sha512-I6Heg70nfF+e5Y3/qfthJFexhRw/Gi3bIymCoXAlijZdAcLaPuWSJs3KXyTYf23ID6g0o2QF62Yh+grOXY3Rig==",
      "dev": true,
      "optional": true,
      "requires": {
        "inherits": "^2.0.1",
        "readable-stream": "^2.0.5",
        "xtend": "^4.0.0"
      }
    },
    "levelup": {
      "version": "2.0.2",
      "resolved": "https://registry.npmjs.org/levelup/-/levelup-2.0.2.tgz",
      "integrity": "sha512-us+nTLUyd/eLnclYYddOCdAVw1hnymGx/9p4Jr5ThohStsjLqMVmbYiz6/SYFZEPXNF+AKQSvh6fA2e2KZpC8w==",
      "dev": true,
      "optional": true,
      "requires": {
        "deferred-leveldown": "~3.0.0",
        "level-errors": "~1.1.0",
        "level-iterator-stream": "~2.0.0",
        "xtend": "~4.0.0"
      },
      "dependencies": {
        "level-errors": {
          "version": "1.1.2",
          "resolved": "https://registry.npmjs.org/level-errors/-/level-errors-1.1.2.tgz",
          "integrity": "sha512-Sw/IJwWbPKF5Ai4Wz60B52yj0zYeqzObLh8k1Tk88jVmD51cJSKWSYpRyhVIvFzZdvsPqlH5wfhp/yxdsaQH4w==",
          "dev": true,
          "optional": true,
          "requires": {
            "errno": "~0.1.1"
          }
        }
      }
    },
    "levenshtein-edit-distance": {
      "version": "2.0.3",
      "resolved": "https://registry.npmjs.org/levenshtein-edit-distance/-/levenshtein-edit-distance-2.0.3.tgz",
      "integrity": "sha512-m/SHpXjfKnArO8E9/o5Fd5+N4TLHU/72+zk4s7OpowBGmZK5MqAsuQ0xuYDftIyXyfqU99dmeMfpujWxo8FIJg==",
      "dev": true
    },
    "lexicographic-integer": {
      "version": "1.1.0",
      "resolved": "https://registry.npmjs.org/lexicographic-integer/-/lexicographic-integer-1.1.0.tgz",
      "integrity": "sha1-UsptmYpXLmMitRX1uA45bGBD6bg=",
      "dev": true,
      "optional": true
    },
    "lexicographic-integer-encoding": {
      "version": "1.0.1",
      "resolved": "https://registry.npmjs.org/lexicographic-integer-encoding/-/lexicographic-integer-encoding-1.0.1.tgz",
      "integrity": "sha1-JDTFnzHBAeXjPRj9wh2CzXSy/cY=",
      "dev": true,
      "optional": true,
      "requires": {
        "lexicographic-integer": "~1.1.0",
        "safe-buffer": "~5.1.1"
      }
    },
    "make-error": {
      "version": "1.3.5",
      "resolved": "https://registry.npmjs.org/make-error/-/make-error-1.3.5.tgz",
      "integrity": "sha512-c3sIjNUow0+8swNwVpqoH4YCShKNFkMaw6oH1mNS2haDZQqkeZFlHS3dhoeEbKKmJB4vXpJucU6oH75aDYeE9g==",
      "dev": true
    },
    "mimic-response": {
      "version": "1.0.1",
      "resolved": "https://registry.npmjs.org/mimic-response/-/mimic-response-1.0.1.tgz",
      "integrity": "sha512-j5EctnkH7amfV/q5Hgmoal1g2QHFJRraOtmx0JpIqkxhBhI/lJSl1nMpQ45hVarwNETOoWEimndZ4QK0RHxuxQ==",
      "dev": true,
      "optional": true
    },
    "minimist": {
      "version": "1.2.0",
      "resolved": "http://registry.npmjs.org/minimist/-/minimist-1.2.0.tgz",
      "integrity": "sha1-o1AIsg9BOD7sH7kU9M1d95omQoQ=",
      "dev": true
    },
    "mkdirp": {
      "version": "0.5.1",
      "resolved": "http://registry.npmjs.org/mkdirp/-/mkdirp-0.5.1.tgz",
      "integrity": "sha1-MAV0OOrGz3+MR2fzhkjWaX11yQM=",
      "dev": true,
      "requires": {
        "minimist": "0.0.8"
      },
      "dependencies": {
        "minimist": {
          "version": "0.0.8",
          "resolved": "http://registry.npmjs.org/minimist/-/minimist-0.0.8.tgz",
          "integrity": "sha1-hX/Kv8M5fSYluCKCYuhqp6ARsF0=",
          "dev": true
        }
      }
    },
    "mysql": {
      "version": "2.16.0",
      "resolved": "https://registry.npmjs.org/mysql/-/mysql-2.16.0.tgz",
      "integrity": "sha512-dPbN2LHonQp7D5ja5DJXNbCLe/HRdu+f3v61aguzNRQIrmZLOeRoymBYyeThrR6ug+FqzDL95Gc9maqZUJS+Gw==",
      "requires": {
        "bignumber.js": "4.1.0",
        "readable-stream": "2.3.6",
        "safe-buffer": "5.1.2",
        "sqlstring": "2.3.1"
      }
    },
    "nan": {
      "version": "2.11.1",
      "resolved": "https://registry.npmjs.org/nan/-/nan-2.11.1.tgz",
      "integrity": "sha512-iji6k87OSXa0CcrLl9z+ZiYSuR2o+c0bGuNmXdrhTQTakxytAFsC56SArGYoiHlJlFoHSnvmhpceZJaXkVuOtA==",
      "dev": true,
      "optional": true
    },
    "napi-build-utils": {
      "version": "1.0.1",
      "resolved": "https://registry.npmjs.org/napi-build-utils/-/napi-build-utils-1.0.1.tgz",
      "integrity": "sha512-boQj1WFgQH3v4clhu3mTNfP+vOBxorDlE8EKiMjUlLG3C4qAESnn9AxIOkFgTR2c9LtzNjPrjS60cT27ZKBhaA==",
      "dev": true,
      "optional": true
    },
    "node-abi": {
      "version": "2.5.1",
      "resolved": "https://registry.npmjs.org/node-abi/-/node-abi-2.5.1.tgz",
      "integrity": "sha512-oDbFc7vCFx0RWWCweTer3hFm1u+e60N5FtGnmRV6QqvgATGFH/XRR6vqWIeBVosCYCqt6YdIr2L0exLZuEdVcQ==",
      "dev": true,
      "optional": true,
      "requires": {
        "semver": "^5.4.1"
      }
    },
    "noop-logger": {
      "version": "0.1.1",
      "resolved": "https://registry.npmjs.org/noop-logger/-/noop-logger-0.1.1.tgz",
      "integrity": "sha1-lKKxYzxPExdVMAfYlm/Q6EG2pMI=",
      "dev": true,
      "optional": true
    },
    "npmlog": {
      "version": "4.1.2",
      "resolved": "https://registry.npmjs.org/npmlog/-/npmlog-4.1.2.tgz",
      "integrity": "sha512-2uUqazuKlTaSI/dC8AzicUck7+IrEaOnN/e0jd3Xtt1KcGpwx30v50mL7oPyr/h9bL3E4aZccVwpwP+5W9Vjkg==",
      "dev": true,
      "optional": true,
      "requires": {
        "are-we-there-yet": "~1.1.2",
        "console-control-strings": "~1.1.0",
        "gauge": "~2.7.3",
        "set-blocking": "~2.0.0"
      }
    },
    "number-is-nan": {
      "version": "1.0.1",
      "resolved": "https://registry.npmjs.org/number-is-nan/-/number-is-nan-1.0.1.tgz",
      "integrity": "sha1-CXtgK1NCKlIsGvuHkDGDNpQaAR0=",
      "dev": true
    },
    "object-assign": {
      "version": "4.1.1",
      "resolved": "https://registry.npmjs.org/object-assign/-/object-assign-4.1.1.tgz",
      "integrity": "sha1-IQmtx5ZYh8/AXLvUQsrIv7s2CGM=",
      "dev": true,
      "optional": true
    },
    "once": {
      "version": "1.4.0",
      "resolved": "https://registry.npmjs.org/once/-/once-1.4.0.tgz",
      "integrity": "sha1-WDsap3WWHUsROsF9nFC6753Xa9E=",
      "dev": true,
      "requires": {
        "wrappy": "1"
      }
    },
    "os-homedir": {
      "version": "1.0.2",
      "resolved": "https://registry.npmjs.org/os-homedir/-/os-homedir-1.0.2.tgz",
      "integrity": "sha1-/7xJiDNuDoM94MFox+8VISGqf7M=",
      "dev": true,
      "optional": true
    },
    "prebuild-install": {
      "version": "5.2.2",
      "resolved": "https://registry.npmjs.org/prebuild-install/-/prebuild-install-5.2.2.tgz",
      "integrity": "sha512-4e8VJnP3zJdZv/uP0eNWmr2r9urp4NECw7Mt1OSAi3rcLrbBRxGiAkfUFtre2MhQ5wfREAjRV+K1gubvs/GPsA==",
      "dev": true,
      "optional": true,
      "requires": {
        "detect-libc": "^1.0.3",
        "expand-template": "^2.0.3",
        "github-from-package": "0.0.0",
        "minimist": "^1.2.0",
        "mkdirp": "^0.5.1",
        "napi-build-utils": "^1.0.1",
        "node-abi": "^2.2.0",
        "noop-logger": "^0.1.1",
        "npmlog": "^4.0.1",
        "os-homedir": "^1.0.1",
        "pump": "^2.0.1",
        "rc": "^1.2.7",
        "simple-get": "^2.7.0",
        "tar-fs": "^1.13.0",
        "tunnel-agent": "^0.6.0",
        "which-pm-runs": "^1.0.0"
      }
    },
    "process-nextick-args": {
      "version": "2.0.0",
      "resolved": "https://registry.npmjs.org/process-nextick-args/-/process-nextick-args-2.0.0.tgz",
      "integrity": "sha512-MtEC1TqN0EU5nephaJ4rAtThHtC86dNN9qCuEhtshvpVBkAW5ZO7BASN9REnF9eoXGcRub+pFuKEpOHE+HbEMw=="
    },
    "prr": {
      "version": "1.0.1",
      "resolved": "https://registry.npmjs.org/prr/-/prr-1.0.1.tgz",
      "integrity": "sha1-0/wRS6BplaRexok/SEzrHXj19HY=",
      "dev": true,
      "optional": true
    },
    "pump": {
      "version": "2.0.1",
      "resolved": "https://registry.npmjs.org/pump/-/pump-2.0.1.tgz",
      "integrity": "sha512-ruPMNRkN3MHP1cWJc9OWr+T/xDP0jhXYCLfJcBuX54hhfIBnaQmAUMfDcG4DM5UMWByBbJY69QSphm3jtDKIkA==",
      "dev": true,
      "optional": true,
      "requires": {
        "end-of-stream": "^1.1.0",
        "once": "^1.3.1"
      }
    },
    "rc": {
      "version": "1.2.8",
      "resolved": "https://registry.npmjs.org/rc/-/rc-1.2.8.tgz",
      "integrity": "sha512-y3bGgqKj3QBdxLbLkomlohkvsA8gdAiUQlSBJnBhfn+BPxg4bc62d8TcBW15wavDfgexCgccckhcZvywyQYPOw==",
      "dev": true,
      "optional": true,
      "requires": {
        "deep-extend": "^0.6.0",
        "ini": "~1.3.0",
        "minimist": "^1.2.0",
        "strip-json-comments": "~2.0.1"
      }
    },
    "readable-stream": {
      "version": "2.3.6",
      "resolved": "https://registry.npmjs.org/readable-stream/-/readable-stream-2.3.6.tgz",
      "integrity": "sha512-tQtKA9WIAhBF3+VLAseyMqZeBjW0AHJoxOtYqSUZNJxauErmLbVm2FW1y+J/YA9dUrAC39ITejlZWhVIwawkKw==",
      "requires": {
        "core-util-is": "~1.0.0",
        "inherits": "~2.0.3",
        "isarray": "~1.0.0",
        "process-nextick-args": "~2.0.0",
        "safe-buffer": "~5.1.1",
        "string_decoder": "~1.1.1",
        "util-deprecate": "~1.0.1"
      }
    },
    "really-small-events": {
      "version": "1.1.0",
      "resolved": "https://registry.npmjs.org/really-small-events/-/really-small-events-1.1.0.tgz",
      "integrity": "sha512-iyh4pULyDYBMecekEYcP3ToJD3ZUdIPfZV9nx1C1lJfMguElkDAZvEMJegy8uE7eIROCuLsqh5r44fVro9nKFg==",
      "dev": true
    },
    "redis": {
      "version": "2.8.0",
      "resolved": "https://registry.npmjs.org/redis/-/redis-2.8.0.tgz",
      "integrity": "sha512-M1OkonEQwtRmZv4tEWF2VgpG0JWJ8Fv1PhlgT5+B+uNq2cA3Rt1Yt/ryoR+vQNOQcIEgdCdfH0jr3bDpihAw1A==",
      "requires": {
        "double-ended-queue": "^2.1.0-0",
        "redis-commands": "^1.2.0",
        "redis-parser": "^2.6.0"
      }
    },
    "redis-commands": {
      "version": "1.4.0",
      "resolved": "https://registry.npmjs.org/redis-commands/-/redis-commands-1.4.0.tgz",
      "integrity": "sha512-cu8EF+MtkwI4DLIT0x9P8qNTLFhQD4jLfxLR0cCNkeGzs87FN6879JOJwNQR/1zD7aSYNbU0hgsV9zGY71Itvw=="
    },
    "redis-parser": {
      "version": "2.6.0",
      "resolved": "https://registry.npmjs.org/redis-parser/-/redis-parser-2.6.0.tgz",
      "integrity": "sha1-Uu0J2srBCPGmMcB+m2mUHnoZUEs="
    },
    "rocksdb": {
      "version": "3.0.3",
      "resolved": "https://registry.npmjs.org/rocksdb/-/rocksdb-3.0.3.tgz",
      "integrity": "sha512-erjdHjbXJoLnYCfTwxmMlQ0tOqDPibMwvHOemxqkVMSQOL2zJYrRnkqmLTFMqWRb3KJXOyTKrzKPI1bBni8uGg==",
      "dev": true,
      "optional": true,
      "requires": {
        "abstract-leveldown": "~5.0.0",
        "bindings": "~1.3.0",
        "fast-future": "~1.0.2",
        "nan": "~2.11.0",
        "prebuild-install": "^5.0.0"
      }
    },
    "safe-buffer": {
      "version": "5.1.2",
      "resolved": "https://registry.npmjs.org/safe-buffer/-/safe-buffer-5.1.2.tgz",
      "integrity": "sha512-Gd2UZBJDkXlY7GbJxfsE8/nvKkUEU1G38c1siN6QP6a9PT9MmHB8GnpscSmMJSoF8LOIrt8ud/wPtojys4G6+g=="
    },
    "semver": {
      "version": "5.6.0",
      "resolved": "https://registry.npmjs.org/semver/-/semver-5.6.0.tgz",
      "integrity": "sha512-RS9R6R35NYgQn++fkDWaOmqGoj4Ek9gGs+DPxNUZKuwE183xjJroKvyo1IzVFeXvUrvmALy6FWD5xrdJT25gMg==",
      "dev": true,
      "optional": true
    },
    "set-blocking": {
      "version": "2.0.0",
      "resolved": "https://registry.npmjs.org/set-blocking/-/set-blocking-2.0.0.tgz",
      "integrity": "sha1-BF+XgtARrppoA93TgrJDkrPYkPc=",
      "dev": true,
      "optional": true
    },
    "signal-exit": {
      "version": "3.0.2",
      "resolved": "https://registry.npmjs.org/signal-exit/-/signal-exit-3.0.2.tgz",
      "integrity": "sha1-tf3AjxKH6hF4Yo5BXiUTK3NkbG0=",
      "dev": true,
      "optional": true
    },
    "simple-concat": {
      "version": "1.0.0",
      "resolved": "https://registry.npmjs.org/simple-concat/-/simple-concat-1.0.0.tgz",
      "integrity": "sha1-c0TLuLbib7J9ZrL8hvn21Zl1IcY=",
      "dev": true,
      "optional": true
    },
    "simple-get": {
      "version": "2.8.1",
      "resolved": "https://registry.npmjs.org/simple-get/-/simple-get-2.8.1.tgz",
      "integrity": "sha512-lSSHRSw3mQNUGPAYRqo7xy9dhKmxFXIjLjp4KHpf99GEH2VH7C3AM+Qfx6du6jhfUi6Vm7XnbEVEf7Wb6N8jRw==",
      "dev": true,
      "optional": true,
      "requires": {
        "decompress-response": "^3.3.0",
        "once": "^1.3.1",
        "simple-concat": "^1.0.0"
      }
    },
    "source-map": {
      "version": "0.6.1",
      "resolved": "https://registry.npmjs.org/source-map/-/source-map-0.6.1.tgz",
      "integrity": "sha512-UjgapumWlbMhkBgzT7Ykc5YXUT46F0iKu8SGXq0bcwP5dz/h0Plj6enJqjz1Zbq2l5WaqYnrVbwWOWMyF3F47g==",
      "dev": true
    },
    "source-map-support": {
      "version": "0.5.9",
      "resolved": "https://registry.npmjs.org/source-map-support/-/source-map-support-0.5.9.tgz",
      "integrity": "sha512-gR6Rw4MvUlYy83vP0vxoVNzM6t8MUXqNuRsuBmBHQDu1Fh6X015FrLdgoDKcNdkwGubozq0P4N0Q37UyFVr1EA==",
      "dev": true,
      "requires": {
        "buffer-from": "^1.0.0",
        "source-map": "^0.6.0"
      }
    },
    "sqlstring": {
      "version": "2.3.1",
      "resolved": "https://registry.npmjs.org/sqlstring/-/sqlstring-2.3.1.tgz",
      "integrity": "sha1-R1OT/56RR5rqYtyvDKPRSYOn+0A="
    },
    "string-width": {
      "version": "1.0.2",
      "resolved": "https://registry.npmjs.org/string-width/-/string-width-1.0.2.tgz",
      "integrity": "sha1-EYvfW4zcUaKn5w0hHgfisLmxB9M=",
      "dev": true,
      "requires": {
        "code-point-at": "^1.0.0",
        "is-fullwidth-code-point": "^1.0.0",
        "strip-ansi": "^3.0.0"
      }
    },
    "string_decoder": {
      "version": "1.1.1",
      "resolved": "https://registry.npmjs.org/string_decoder/-/string_decoder-1.1.1.tgz",
      "integrity": "sha512-n/ShnvDi6FHbbVfviro+WojiFzv+s8MPMHBczVePfUpDJLwoLT0ht1l4YwBCbi8pJAveEEdnkHyPyTP/mzRfwg==",
      "requires": {
        "safe-buffer": "~5.1.0"
      }
    },
    "strip-ansi": {
      "version": "3.0.1",
      "resolved": "https://registry.npmjs.org/strip-ansi/-/strip-ansi-3.0.1.tgz",
      "integrity": "sha1-ajhfuIU9lS1f8F0Oiq+UJ43GPc8=",
      "dev": true,
      "requires": {
        "ansi-regex": "^2.0.0"
      }
    },
    "strip-json-comments": {
      "version": "2.0.1",
      "resolved": "https://registry.npmjs.org/strip-json-comments/-/strip-json-comments-2.0.1.tgz",
      "integrity": "sha1-PFMZQukIwml8DsNEhYwobHygpgo=",
      "dev": true,
      "optional": true
    },
    "tar-fs": {
      "version": "1.16.3",
      "resolved": "https://registry.npmjs.org/tar-fs/-/tar-fs-1.16.3.tgz",
      "integrity": "sha512-NvCeXpYx7OsmOh8zIOP/ebG55zZmxLE0etfWRbWok+q2Qo8x/vOR/IJT1taADXPe+jsiu9axDb3X4B+iIgNlKw==",
      "dev": true,
      "optional": true,
      "requires": {
        "chownr": "^1.0.1",
        "mkdirp": "^0.5.1",
        "pump": "^1.0.0",
        "tar-stream": "^1.1.2"
      },
      "dependencies": {
        "pump": {
          "version": "1.0.3",
          "resolved": "https://registry.npmjs.org/pump/-/pump-1.0.3.tgz",
          "integrity": "sha512-8k0JupWme55+9tCVE+FS5ULT3K6AbgqrGa58lTT49RpyfwwcGedHqaC5LlQNdEAumn/wFsu6aPwkuPMioy8kqw==",
          "dev": true,
          "optional": true,
          "requires": {
            "end-of-stream": "^1.1.0",
            "once": "^1.3.1"
          }
        }
      }
    },
    "tar-stream": {
      "version": "1.6.2",
      "resolved": "https://registry.npmjs.org/tar-stream/-/tar-stream-1.6.2.tgz",
      "integrity": "sha512-rzS0heiNf8Xn7/mpdSVVSMAWAoy9bfb1WOTYC78Z0UQKeKa/CWS8FOq0lKGNa8DWKAn9gxjCvMLYc5PGXYlK2A==",
      "dev": true,
      "optional": true,
      "requires": {
        "bl": "^1.0.0",
        "buffer-alloc": "^1.2.0",
        "end-of-stream": "^1.0.0",
        "fs-constants": "^1.0.0",
        "readable-stream": "^2.3.0",
        "to-buffer": "^1.1.1",
        "xtend": "^4.0.0"
      }
    },
    "to-buffer": {
      "version": "1.1.1",
      "resolved": "https://registry.npmjs.org/to-buffer/-/to-buffer-1.1.1.tgz",
      "integrity": "sha512-lx9B5iv7msuFYE3dytT+KE5tap+rNYw+K4jVkb9R/asAb+pbBSM17jtunHplhBe6RRJdZx3Pn2Jph24O32mOVg==",
      "dev": true,
      "optional": true
    },
    "ts-node": {
      "version": "7.0.1",
      "resolved": "https://registry.npmjs.org/ts-node/-/ts-node-7.0.1.tgz",
      "integrity": "sha512-BVwVbPJRspzNh2yfslyT1PSbl5uIk03EZlb493RKHN4qej/D06n1cEhjlOJG69oFsE7OT8XjpTUcYf6pKTLMhw==",
      "dev": true,
      "requires": {
        "arrify": "^1.0.0",
        "buffer-from": "^1.1.0",
        "diff": "^3.1.0",
        "make-error": "^1.1.1",
        "minimist": "^1.2.0",
        "mkdirp": "^0.5.1",
        "source-map-support": "^0.5.6",
        "yn": "^2.0.0"
      }
    },
    "tunnel-agent": {
      "version": "0.6.0",
      "resolved": "https://registry.npmjs.org/tunnel-agent/-/tunnel-agent-0.6.0.tgz",
      "integrity": "sha1-J6XeoGs2sEoKmWZ3SykIaPD8QP0=",
      "dev": true,
      "optional": true,
      "requires": {
        "safe-buffer": "^5.0.1"
      }
    },
    "typescript": {
      "version": "3.2.2",
      "resolved": "https://registry.npmjs.org/typescript/-/typescript-3.2.2.tgz",
      "integrity": "sha512-VCj5UiSyHBjwfYacmDuc/NOk4QQixbE+Wn7MFJuS0nRuPQbof132Pw4u53dm264O8LPc2MVsc7RJNml5szurkg==",
      "dev": true
    },
    "util-deprecate": {
      "version": "1.0.2",
      "resolved": "https://registry.npmjs.org/util-deprecate/-/util-deprecate-1.0.2.tgz",
      "integrity": "sha1-RQ1Nyfpw3nMnYvvS1KKJgUGaDM8="
    },
    "which-pm-runs": {
      "version": "1.0.0",
      "resolved": "https://registry.npmjs.org/which-pm-runs/-/which-pm-runs-1.0.0.tgz",
      "integrity": "sha1-Zws6+8VS4LVd9rd4DKdGFfI60cs=",
      "dev": true,
      "optional": true
    },
    "wide-align": {
      "version": "1.1.3",
      "resolved": "https://registry.npmjs.org/wide-align/-/wide-align-1.1.3.tgz",
      "integrity": "sha512-QGkOQc8XL6Bt5PwnsExKBPuMKBxnGxWWW3fU55Xt4feHozMUhdUMaBCk290qpm/wG5u/RSKzwdAC4i51YigihA==",
      "dev": true,
      "optional": true,
      "requires": {
        "string-width": "^1.0.2 || 2"
      }
    },
    "wrappy": {
      "version": "1.0.2",
      "resolved": "https://registry.npmjs.org/wrappy/-/wrappy-1.0.2.tgz",
      "integrity": "sha1-tSQ9jz7BqjXxNkYFvA0QNuMKtp8=",
      "dev": true
    },
    "xtend": {
      "version": "4.0.1",
      "resolved": "https://registry.npmjs.org/xtend/-/xtend-4.0.1.tgz",
      "integrity": "sha1-pcbVMr5lbiPbgg77lDofBJmNY68=",
      "dev": true
    },
    "yn": {
      "version": "2.0.0",
      "resolved": "https://registry.npmjs.org/yn/-/yn-2.0.0.tgz",
      "integrity": "sha1-5a2ryKz0CPY4X8dklWhMiOavaJo=",
      "dev": true
    }
  }
}
